
Microsoft Visual Studio Solution File, Format Version 12.00
# Visual Studio Version 17
VisualStudioVersion = 17.5.2.0
MinimumVisualStudioVersion = 10.0.40219.1
Project("{FAE04EC0-301F-11D3-BF4B-00C04F79EFBC}") = "DumpAnalysisService", "DumpAnalysisService\DumpAnalysisService.csproj", "{9B6EA350-EDD7-0BE7-6029-39541CF67028}"
EndProject
Project("{2150E333-8FDC-42A3-9474-1A3956D46DE8}") = "Solution Items", "Solution Items", "{8EC462FD-D22E-90A8-E5CE-7E832BA40C5D}"
	ProjectSection(SolutionItems) = preProject
		README.md = README.md
	EndProjectSection
EndProject
Project("{FAE04EC0-301F-11D3-BF4B-00C04F79EFBC}") = "DumpAnalysisService.Tests", "DumpAnalysisService.Tests\DumpAnalysisService.Tests.csproj", "{AE3557A6-10EF-B114-992B-9B6F825A842F}"
EndProject
Project("{FAE04EC0-301F-11D3-BF4B-00C04F79EFBC}") = "Shared", "Shared\Shared.csproj", "{E15E491A-E872-91D8-DF7A-CA59C792F064}"
EndProject
Project("{FAE04EC0-301F-11D3-BF4B-00C04F79EFBC}") = "CommandLineClient", "CommandLineClient\CommandLineClient.csproj", "{9A87B251-6AEC-4367-A6D7-7A580B3F7C61}"
EndProject
Project("{FAE04EC0-301F-11D3-BF4B-00C04F79EFBC}") = "Shared.Tests", "Shared.Tests\Shared.Tests.csproj", "{AA66E165-1E6F-452A-9952-DFF92BB76453}"
EndProject
Global
	GlobalSection(SolutionConfigurationPlatforms) = preSolution
		Debug|Any CPU = Debug|Any CPU
		Debug|x64 = Debug|x64
		Debug|x86 = Debug|x86
		Release|Any CPU = Release|Any CPU
		Release|x64 = Release|x64
		Release|x86 = Release|x86
	EndGlobalSection
	GlobalSection(ProjectConfigurationPlatforms) = postSolution
		{9B6EA350-EDD7-0BE7-6029-39541CF67028}.Debug|Any CPU.ActiveCfg = Debug|Any CPU
		{9B6EA350-EDD7-0BE7-6029-39541CF67028}.Debug|Any CPU.Build.0 = Debug|Any CPU
		{9B6EA350-EDD7-0BE7-6029-39541CF67028}.Debug|x64.ActiveCfg = Debug|Any CPU
		{9B6EA350-EDD7-0BE7-6029-39541CF67028}.Debug|x64.Build.0 = Debug|Any CPU
		{9B6EA350-EDD7-0BE7-6029-39541CF67028}.Debug|x86.ActiveCfg = Debug|Any CPU
		{9B6EA350-EDD7-0BE7-6029-39541CF67028}.Debug|x86.Build.0 = Debug|Any CPU
		{9B6EA350-EDD7-0BE7-6029-39541CF67028}.Release|Any CPU.ActiveCfg = Release|Any CPU
		{9B6EA350-EDD7-0BE7-6029-39541CF67028}.Release|Any CPU.Build.0 = Release|Any CPU
		{9B6EA350-EDD7-0BE7-6029-39541CF67028}.Release|x64.ActiveCfg = Release|Any CPU
		{9B6EA350-EDD7-0BE7-6029-39541CF67028}.Release|x64.Build.0 = Release|Any CPU
		{9B6EA350-EDD7-0BE7-6029-39541CF67028}.Release|x86.ActiveCfg = Release|Any CPU
		{9B6EA350-EDD7-0BE7-6029-39541CF67028}.Release|x86.Build.0 = Release|Any CPU
		{AE3557A6-10EF-B114-992B-9B6F825A842F}.Debug|Any CPU.ActiveCfg = Debug|Any CPU
		{AE3557A6-10EF-B114-992B-9B6F825A842F}.Debug|Any CPU.Build.0 = Debug|Any CPU
		{AE3557A6-10EF-B114-992B-9B6F825A842F}.Debug|x64.ActiveCfg = Debug|Any CPU
		{AE3557A6-10EF-B114-992B-9B6F825A842F}.Debug|x64.Build.0 = Debug|Any CPU
		{AE3557A6-10EF-B114-992B-9B6F825A842F}.Debug|x86.ActiveCfg = Debug|Any CPU
		{AE3557A6-10EF-B114-992B-9B6F825A842F}.Debug|x86.Build.0 = Debug|Any CPU
		{AE3557A6-10EF-B114-992B-9B6F825A842F}.Release|Any CPU.ActiveCfg = Release|Any CPU
		{AE3557A6-10EF-B114-992B-9B6F825A842F}.Release|Any CPU.Build.0 = Release|Any CPU
		{AE3557A6-10EF-B114-992B-9B6F825A842F}.Release|x64.ActiveCfg = Release|Any CPU
		{AE3557A6-10EF-B114-992B-9B6F825A842F}.Release|x64.Build.0 = Release|Any CPU
		{AE3557A6-10EF-B114-992B-9B6F825A842F}.Release|x86.ActiveCfg = Release|Any CPU
		{AE3557A6-10EF-B114-992B-9B6F825A842F}.Release|x86.Build.0 = Release|Any CPU
		{E15E491A-E872-91D8-DF7A-CA59C792F064}.Debug|Any CPU.ActiveCfg = Debug|Any CPU
		{E15E491A-E872-91D8-DF7A-CA59C792F064}.Debug|Any CPU.Build.0 = Debug|Any CPU
		{E15E491A-E872-91D8-DF7A-CA59C792F064}.Debug|x64.ActiveCfg = Debug|Any CPU
		{E15E491A-E872-91D8-DF7A-CA59C792F064}.Debug|x64.Build.0 = Debug|Any CPU
		{E15E491A-E872-91D8-DF7A-CA59C792F064}.Debug|x86.ActiveCfg = Debug|Any CPU
		{E15E491A-E872-91D8-DF7A-CA59C792F064}.Debug|x86.Build.0 = Debug|Any CPU
		{E15E491A-E872-91D8-DF7A-CA59C792F064}.Release|Any CPU.ActiveCfg = Release|Any CPU
		{E15E491A-E872-91D8-DF7A-CA59C792F064}.Release|Any CPU.Build.0 = Release|Any CPU
		{E15E491A-E872-91D8-DF7A-CA59C792F064}.Release|x64.ActiveCfg = Release|Any CPU
		{E15E491A-E872-91D8-DF7A-CA59C792F064}.Release|x64.Build.0 = Release|Any CPU
		{E15E491A-E872-91D8-DF7A-CA59C792F064}.Release|x86.ActiveCfg = Release|Any CPU
		{E15E491A-E872-91D8-DF7A-CA59C792F064}.Release|x86.Build.0 = Release|Any CPU
		{9A87B251-6AEC-4367-A6D7-7A580B3F7C61}.Debug|Any CPU.ActiveCfg = Debug|Any CPU
		{9A87B251-6AEC-4367-A6D7-7A580B3F7C61}.Debug|Any CPU.Build.0 = Debug|Any CPU
		{9A87B251-6AEC-4367-A6D7-7A580B3F7C61}.Debug|x64.ActiveCfg = Debug|Any CPU
		{9A87B251-6AEC-4367-A6D7-7A580B3F7C61}.Debug|x64.Build.0 = Debug|Any CPU
		{9A87B251-6AEC-4367-A6D7-7A580B3F7C61}.Debug|x86.ActiveCfg = Debug|Any CPU
		{9A87B251-6AEC-4367-A6D7-7A580B3F7C61}.Debug|x86.Build.0 = Debug|Any CPU
		{9A87B251-6AEC-4367-A6D7-7A580B3F7C61}.Release|Any CPU.ActiveCfg = Release|Any CPU
		{9A87B251-6AEC-4367-A6D7-7A580B3F7C61}.Release|Any CPU.Build.0 = Release|Any CPU
		{9A87B251-6AEC-4367-A6D7-7A580B3F7C61}.Release|x64.ActiveCfg = Release|Any CPU
		{9A87B251-6AEC-4367-A6D7-7A580B3F7C61}.Release|x64.Build.0 = Release|Any CPU
		{9A87B251-6AEC-4367-A6D7-7A580B3F7C61}.Release|x86.ActiveCfg = Release|Any CPU
		{9A87B251-6AEC-4367-A6D7-7A580B3F7C61}.Release|x86.Build.0 = Release|Any CPU
		{AA66E165-1E6F-452A-9952-DFF92BB76453}.Debug|Any CPU.ActiveCfg = Debug|Any CPU
		{AA66E165-1E6F-452A-9952-DFF92BB76453}.Debug|Any CPU.Build.0 = Debug|Any CPU
		{AA66E165-1E6F-452A-9952-DFF92BB76453}.Debug|x64.ActiveCfg = Debug|Any CPU
		{AA66E165-1E6F-452A-9952-DFF92BB76453}.Debug|x64.Build.0 = Debug|Any CPU
		{AA66E165-1E6F-452A-9952-DFF92BB76453}.Debug|x86.ActiveCfg = Debug|Any CPU
		{AA66E165-1E6F-452A-9952-DFF92BB76453}.Debug|x86.Build.0 = Debug|Any CPU
		{AA66E165-1E6F-452A-9952-DFF92BB76453}.Release|Any CPU.ActiveCfg = Release|Any CPU
		{AA66E165-1E6F-452A-9952-DFF92BB76453}.Release|Any CPU.Build.0 = Release|Any CPU
		{AA66E165-1E6F-452A-9952-DFF92BB76453}.Release|x64.ActiveCfg = Release|Any CPU
		{AA66E165-1E6F-452A-9952-DFF92BB76453}.Release|x64.Build.0 = Release|Any CPU
		{AA66E165-1E6F-452A-9952-DFF92BB76453}.Release|x86.ActiveCfg = Release|Any CPU
		{AA66E165-1E6F-452A-9952-DFF92BB76453}.Release|x86.Build.0 = Release|Any CPU
	EndGlobalSection
	GlobalSection(SolutionProperties) = preSolution
		HideSolutionNode = FALSE
	EndGlobalSection
	GlobalSection(ExtensibilityGlobals) = postSolution
		SolutionGuid = {D459A717-B7A2-4A01-9AE2-40C500CAB843}
	EndGlobalSection
EndGlobal
