Microsoft Visual Studio Solution File, Format Version 12.00
# Visual Studio Version 17
VisualStudioVersion = 17.5.2.0
MinimumVisualStudioVersion = 10.0.40219.1
Project("{FAE04EC0-301F-11D3-BF4B-00C04F79EFBC}") = "BackgroundService", "BackgroundService\BackgroundService.csproj", "{9B6EA350-EDD7-0BE7-6029-39541CF67028}"
EndProject
Project("{FAE04EC0-301F-11D3-BF4B-00C04F79EFBC}") = "McpProxy", "McpProxy\McpProxy.csproj", "{D9713BFA-8B9A-C583-F886-FA830394857D}"
EndProject
Project("{2150E333-8FDC-42A3-9474-1A3956D46DE8}") = "Solution Items", "Solution Items", "{8EC462FD-D22E-90A8-E5CE-7E832BA40C5D}"
	ProjectSection(SolutionItems) = preProject
		README.md = README.md
	EndProjectSection
EndProject
Project("{FAE04EC0-301F-11D3-BF4B-00C04F79EFBC}") = "BackgroundService.Tests", "BackgroundService.Tests\BackgroundService.Tests.csproj", "{AE3557A6-10EF-B114-992B-9B6F825A842F}"
EndProject
Project("{FAE04EC0-301F-11D3-BF4B-00C04F79EFBC}") = "McpProxy.Tests", "McpProxy.Tests\McpProxy.Tests.csproj", "{6446AE8B-8F41-B494-EF47-ADAF060D6F2C}"
EndProject
Project("{FAE04EC0-301F-11D3-BF4B-00C04F79EFBC}") = "Common", "Common\Common.csproj", "{E15E491A-E872-91D8-DF7A-CA59C792F064}"
EndProject
Global
	GlobalSection(SolutionConfigurationPlatforms) = preSolution
		Debug|Any CPU = Debug|Any CPU
		Release|Any CPU = Release|Any CPU
	EndGlobalSection
	GlobalSection(ProjectConfigurationPlatforms) = postSolution
		{9B6EA350-EDD7-0BE7-6029-39541CF67028}.Debug|Any CPU.ActiveCfg = Debug|Any CPU
		{9B6EA350-EDD7-0BE7-6029-39541CF67028}.Debug|Any CPU.Build.0 = Debug|Any CPU
		{9B6EA350-EDD7-0BE7-6029-39541CF67028}.Release|Any CPU.ActiveCfg = Release|Any CPU
		{9B6EA350-EDD7-0BE7-6029-39541CF67028}.Release|Any CPU.Build.0 = Release|Any CPU
		{D9713BFA-8B9A-C583-F886-FA830394857D}.Debug|Any CPU.ActiveCfg = Debug|Any CPU
		{D9713BFA-8B9A-C583-F886-FA830394857D}.Debug|Any CPU.Build.0 = Debug|Any CPU
		{D9713BFA-8B9A-C583-F886-FA830394857D}.Release|Any CPU.ActiveCfg = Release|Any CPU
		{D9713BFA-8B9A-C583-F886-FA830394857D}.Release|Any CPU.Build.0 = Release|Any CPU
		{AE3557A6-10EF-B114-992B-9B6F825A842F}.Debug|Any CPU.ActiveCfg = Debug|Any CPU
		{AE3557A6-10EF-B114-992B-9B6F825A842F}.Debug|Any CPU.Build.0 = Debug|Any CPU
		{AE3557A6-10EF-B114-992B-9B6F825A842F}.Release|Any CPU.ActiveCfg = Release|Any CPU
		{AE3557A6-10EF-B114-992B-9B6F825A842F}.Release|Any CPU.Build.0 = Release|Any CPU
		{6446AE8B-8F41-B494-EF47-ADAF060D6F2C}.Debug|Any CPU.ActiveCfg = Debug|Any CPU
		{6446AE8B-8F41-B494-EF47-ADAF060D6F2C}.Debug|Any CPU.Build.0 = Debug|Any CPU
		{6446AE8B-8F41-B494-EF47-ADAF060D6F2C}.Release|Any CPU.ActiveCfg = Release|Any CPU
		{6446AE8B-8F41-B494-EF47-ADAF060D6F2C}.Release|Any CPU.Build.0 = Release|Any CPU
		{E15E491A-E872-91D8-DF7A-CA59C792F064}.Debug|Any CPU.ActiveCfg = Debug|Any CPU
		{E15E491A-E872-91D8-DF7A-CA59C792F064}.Debug|Any CPU.Build.0 = Debug|Any CPU
		{E15E491A-E872-91D8-DF7A-CA59C792F064}.Release|Any CPU.ActiveCfg = Release|Any CPU
		{E15E491A-E872-91D8-DF7A-CA59C792F064}.Release|Any CPU.Build.0 = Release|Any CPU
	EndGlobalSection
	GlobalSection(SolutionProperties) = preSolution
		HideSolutionNode = FALSE
	EndGlobalSection
	GlobalSection(ExtensibilityGlobals) = postSolution
		SolutionGuid = {D459A717-B7A2-4A01-9AE2-40C500CAB843}
	EndGlobalSection
EndGlobal
